
Microsoft Visual Studio Solution File, Format Version 9.00
# Visual Studio 2005
Project("{F184B08F-C81C-45F6-A57F-5ABD9991F28F}") = "Exercise 10.1", "Exercise 10.1\Exercise 10.1.vbproj", "{78345A74-D5F0-4AFF-8CE5-2D16817621FC}"
EndProject
Global
	GlobalSection(SolutionConfigurationPlatforms) = preSolution
		Debug|Any CPU = Debug|Any CPU
		Release|Any CPU = Release|Any CPU
	EndGlobalSection
	GlobalSection(ProjectConfigurationPlatforms) = postSolution
		{78345A74-D5F0-4AFF-8CE5-2D16817621FC}.Debug|Any CPU.ActiveCfg = Debug|Any CPU
		{78345A74-D5F0-4AFF-8CE5-2D16817621FC}.Debug|Any CPU.Build.0 = Debug|Any CPU
		{78345A74-D5F0-4AFF-8CE5-2D16817621FC}.Release|Any CPU.ActiveCfg = Release|Any CPU
		{78345A74-D5F0-4AFF-8CE5-2D16817621FC}.Release|Any CPU.Build.0 = Release|Any CPU
	EndGlobalSection
	GlobalSection(SolutionProperties) = preSolution
		HideSolutionNode = FALSE
	EndGlobalSection
EndGlobal
